{
  "nodes": {
    "nixpkgs": {
      "locked": {
        "lastModified": 1767325753,
        "narHash": "sha256-yA/CuWyqm+AQo2ivGy6PlYrjZBQm7jfbe461+4HF2fo=",
        "owner": "NixOS",
        "repo": "nixpkgs",
        "rev": "64049ca74d63e971b627b5f3178d95642e61cedd",
        "type": "github"
      },
      "original": {
        "owner": "NixOS",
        "ref": "nixos-25.11",
        "repo": "nixpkgs",
        "type": "github"
      }
    },
    "root": {
      "inputs": {
        "nixpkgs": "nixpkgs",
        "secret": "secret"
      }
    },
    "secret": {
      "flake": false,
      "locked": {
        "lastModified": 1738657041,
        "narHash": "sha256-ppeZAfM+SmmcWznA4CgDZUGQcUbzTD3oDjnMBd+LELU=",
        "path": "/etc/nixos/secret",
        "type": "path"
      },
      "original": {
        "path": "/etc/nixos/secret",
        "type": "path"
      }
    }
  },
  "root": "root",
  "version": 7
}
