{
  "nodes": {
    "nixpkgs": {
      "locked": {
        "lastModified": 1790533781,
        "narHash": "sha256-F+b8u43BVF5DlM0pz7JQSbtbwKy5PrHIT5zQUekXsD0=",
        "owner": "NixOS",
        "repo": "nixpkgs",
        "rev": "cf5e76507c6e23b59f7e0ffcc7baa2a39ddd8442",
        "type": "github"
      },
      "original": {
        "owner": "NixOS",
        "ref": "nixos-26.05",
        "repo": "nixpkgs",
        "type": "github"
      }
    },
    "portail": {
      "inputs": {
        "nixpkgs": [
          "nixpkgs"
        ]
      },
      "locked": {
        "lastModified": 1790600862,
        "narHash": "sha256-jJsrTGZ+VdD1dKbeuM1AKb8zlY7UibItIOva5y0OcYM=",
        "owner": "adavida",
        "repo": "portail_nas",
        "rev": "3761b4e49d438f79e1469b302499c9e22a59d6b2",
        "type": "github"
      },
      "original": {
        "owner": "adavida",
        "repo": "portail_nas",
        "type": "github"
      }
    },
    "root": {
      "inputs": {
        "nixpkgs": "nixpkgs",
        "portail": "portail"
      }
    }
  },
  "root": "root",
  "version": 7
}
