{
  "nodes": {
    "nixpkgs": {
      "locked": {
        "lastModified": 1791143449,
        "narHash": "sha256-9+n3ReS2y9xS199LoJjKUWHwZrISGHWgkD/LUZTDZyA=",
        "owner": "NixOS",
        "repo": "nixpkgs",
        "rev": "0d9e9b832d03ac387417e16ce1febf73b2e631e1",
        "type": "github"
      },
      "original": {
        "owner": "NixOS",
        "ref": "nixos-26.05",
        "repo": "nixpkgs",
        "type": "github"
      }
    },
    "portail": {
      "inputs": {
        "nixpkgs": [
          "nixpkgs"
        ]
      },
      "locked": {
        "lastModified": 1790855809,
        "narHash": "sha256-gsCN9/jyde0KNqrZu0SJ+DdxoGPdQAe0FrV1BhowfKY=",
        "owner": "adavida",
        "repo": "portail_nas",
        "rev": "3a49e0fa830b602d2b2e727cabe4ad7c96b7f912",
        "type": "github"
      },
      "original": {
        "owner": "adavida",
        "repo": "portail_nas",
        "type": "github"
      }
    },
    "root": {
      "inputs": {
        "nixpkgs": "nixpkgs",
        "portail": "portail"
      }
    }
  },
  "root": "root",
  "version": 7
}
